
Microsoft Visual Studio Solution File, Format Version 12.00
# Visual Studio Version 17
VisualStudioVersion = 17.3.32929.385
MinimumVisualStudioVersion = 10.0.40219.1
Project("{FAE04EC0-301F-11D3-BF4B-00C04F79EFBC}") = "MaterialEscolar", "MaterialEscolar\MaterialEscolar.csproj", "{60EB6990-A226-4D80-BF2A-CB0F278D20A8}"
EndProject
Project("{FAE04EC0-301F-11D3-BF4B-00C04F79EFBC}") = "Models", "Models\Models.csproj", "{462B61DF-8A68-4A7A-9DB4-CC5C8EE2B7EB}"
EndProject
Global
	GlobalSection(SolutionConfigurationPlatforms) = preSolution
		Debug|Any CPU = Debug|Any CPU
		Release|Any CPU = Release|Any CPU
	EndGlobalSection
	GlobalSection(ProjectConfigurationPlatforms) = postSolution
		{60EB6990-A226-4D80-BF2A-CB0F278D20A8}.Debug|Any CPU.ActiveCfg = Debug|Any CPU
		{60EB6990-A226-4D80-BF2A-CB0F278D20A8}.Debug|Any CPU.Build.0 = Debug|Any CPU
		{60EB6990-A226-4D80-BF2A-CB0F278D20A8}.Release|Any CPU.ActiveCfg = Release|Any CPU
		{60EB6990-A226-4D80-BF2A-CB0F278D20A8}.Release|Any CPU.Build.0 = Release|Any CPU
		{462B61DF-8A68-4A7A-9DB4-CC5C8EE2B7EB}.Debug|Any CPU.ActiveCfg = Debug|Any CPU
		{462B61DF-8A68-4A7A-9DB4-CC5C8EE2B7EB}.Debug|Any CPU.Build.0 = Debug|Any CPU
		{462B61DF-8A68-4A7A-9DB4-CC5C8EE2B7EB}.Release|Any CPU.ActiveCfg = Release|Any CPU
		{462B61DF-8A68-4A7A-9DB4-CC5C8EE2B7EB}.Release|Any CPU.Build.0 = Release|Any CPU
	EndGlobalSection
	GlobalSection(SolutionProperties) = preSolution
		HideSolutionNode = FALSE
	EndGlobalSection
	GlobalSection(ExtensibilityGlobals) = postSolution
		SolutionGuid = {AE864C6D-8250-4925-81B6-EA70C83BFD90}
	EndGlobalSection
EndGlobal
